
Microsoft Visual Studio Solution File, Format Version 12.00
# Visual Studio 15
VisualStudioVersion = 15.0.28307.421
MinimumVisualStudioVersion = 10.0.40219.1
Project("{159641D6-6404-4A2A-AE62-294DE0FE8301}") = "CrimeStat.SSIS", "CrimeStat.SSIS.dtproj", "{576CDF3C-F775-4D77-BCEE-25091495E204}"
EndProject
Global
	GlobalSection(SolutionConfigurationPlatforms) = preSolution
		Development|Default = Development|Default
	EndGlobalSection
	GlobalSection(ProjectConfigurationPlatforms) = postSolution
		{576CDF3C-F775-4D77-BCEE-25091495E204}.Development|Default.ActiveCfg = Development
		{576CDF3C-F775-4D77-BCEE-25091495E204}.Development|Default.Build.0 = Development
	EndGlobalSection
	GlobalSection(SolutionProperties) = preSolution
		HideSolutionNode = FALSE
	EndGlobalSection
	GlobalSection(ExtensibilityGlobals) = postSolution
		SolutionGuid = {94270F82-C0D8-43EB-8952-A20D655BC4C3}
	EndGlobalSection
EndGlobal
